
Microsoft Visual Studio Solution File, Format Version 12.00
# Visual Studio Version 16
VisualStudioVersion = 16.0.30516.212
MinimumVisualStudioVersion = 10.0.40219.1
Project("{9A19103F-16F7-4668-BE54-9A1E7A4F7556}") = "WasmNativeImplementation", "WasmNativeImplementation.csproj", "{D1A1ABCB-6B75-48E0-BEA8-C71E1A2B1CF9}"
EndProject
Project("{9A19103F-16F7-4668-BE54-9A1E7A4F7556}") = "Syncfusion.Blazor", "..\..\BLAZ-6065-DiagramNode\Syncfusion.Blazor\Syncfusion.Blazor.csproj", "{6EC45981-3B26-480A-9E6E-3DBA8A4C1862}"
EndProject
Global
	GlobalSection(SolutionConfigurationPlatforms) = preSolution
		Debug|Any CPU = Debug|Any CPU
		Release|Any CPU = Release|Any CPU
	EndGlobalSection
	GlobalSection(ProjectConfigurationPlatforms) = postSolution
		{D1A1ABCB-6B75-48E0-BEA8-C71E1A2B1CF9}.Debug|Any CPU.ActiveCfg = Debug|Any CPU
		{D1A1ABCB-6B75-48E0-BEA8-C71E1A2B1CF9}.Debug|Any CPU.Build.0 = Debug|Any CPU
		{D1A1ABCB-6B75-48E0-BEA8-C71E1A2B1CF9}.Release|Any CPU.ActiveCfg = Release|Any CPU
		{D1A1ABCB-6B75-48E0-BEA8-C71E1A2B1CF9}.Release|Any CPU.Build.0 = Release|Any CPU
		{6EC45981-3B26-480A-9E6E-3DBA8A4C1862}.Debug|Any CPU.ActiveCfg = Debug|Any CPU
		{6EC45981-3B26-480A-9E6E-3DBA8A4C1862}.Debug|Any CPU.Build.0 = Debug|Any CPU
		{6EC45981-3B26-480A-9E6E-3DBA8A4C1862}.Release|Any CPU.ActiveCfg = Release|Any CPU
		{6EC45981-3B26-480A-9E6E-3DBA8A4C1862}.Release|Any CPU.Build.0 = Release|Any CPU
	EndGlobalSection
	GlobalSection(SolutionProperties) = preSolution
		HideSolutionNode = FALSE
	EndGlobalSection
	GlobalSection(ExtensibilityGlobals) = postSolution
		SolutionGuid = {DD603C61-5E35-4D01-86BE-7D08DF838478}
	EndGlobalSection
EndGlobal
